{
  "name": "Flappy Bird Clone",
  "lockfileVersion": 3,
  "requires": true,
  "packages": {
    "": {
      "dependencies": {
        "p5.play": "^3.8.5"
      }
    },
    "node_modules/p5.play": {
      "version": "3.8.5",
      "resolved": "https://registry.npmjs.org/p5.play/-/p5.play-3.8.5.tgz",
      "integrity": "sha512-/yhG6TjiOjw9TMI4GyrS6Hn8XcmijNHCIkSnUs91p8Jsgqs30LfGkLetCNV3pcWNXs5MsolW5+wNOUKKjnkO1A=="
    }
  }
}
